// !$*UTF8*$!
{
	archiveVersion = 1;
	classes = {
	};
	objectVersion = 50;
	objects = {

/* Begin PBXBuildFile section */
		014ED70325A5BBD60009F31C /* AppDelegate.swift in Sources */ = {isa = PBXBuildFile; fileRef = 014ED70225A5BBD60009F31C /* AppDelegate.swift */; };
		014ED70525A5BBD60009F31C /* SceneDelegate.swift in Sources */ = {isa = PBXBuildFile; fileRef = 014ED70425A5BBD60009F31C /* SceneDelegate.swift */; };
		014ED70C25A5BBD70009F31C /* Assets.xcassets in Resources */ = {isa = PBXBuildFile; fileRef = 014ED70B25A5BBD70009F31C /* Assets.xcassets */; };
		014ED70F25A5BBD70009F31C /* LaunchScreen.storyboard in Resources */ = {isa = PBXBuildFile; fileRef = 014ED70D25A5BBD70009F31C /* LaunchScreen.storyboard */; };
		014ED71A25A5BBD70009F31C /* RouteTests.swift in Sources */ = {isa = PBXBuildFile; fileRef = 014ED71925A5BBD70009F31C /* RouteTests.swift */; };
		014ED72525A5BBD70009F31C /* RouteUITests.swift in Sources */ = {isa = PBXBuildFile; fileRef = 014ED72425A5BBD70009F31C /* RouteUITests.swift */; };
		017434AA25A5C26F0015B8BB /* UIViewExtension-Layout.swift in Sources */ = {isa = PBXBuildFile; fileRef = 017434A925A5C26F0015B8BB /* UIViewExtension-Layout.swift */; };
		017434B025A649810015B8BB /* UIImageExtension.swift in Sources */ = {isa = PBXBuildFile; fileRef = 017434AF25A649810015B8BB /* UIImageExtension.swift */; };
		017434B925A649AC0015B8BB /* StackItem.swift in Sources */ = {isa = PBXBuildFile; fileRef = 017434B825A649AC0015B8BB /* StackItem.swift */; };
		017434BF25A649CD0015B8BB /* TestViewController.swift in Sources */ = {isa = PBXBuildFile; fileRef = 017434BE25A649CD0015B8BB /* TestViewController.swift */; };
		017434C725A649DE0015B8BB /* TextViewController.swift in Sources */ = {isa = PBXBuildFile; fileRef = 017434C625A649DE0015B8BB /* TextViewController.swift */; };
		017434CC25A649ED0015B8BB /* MainTabBarVC.swift in Sources */ = {isa = PBXBuildFile; fileRef = 017434CB25A649ED0015B8BB /* MainTabBarVC.swift */; };
		01B0931D25B7168500083761 /* NLRoute.swift in Sources */ = {isa = PBXBuildFile; fileRef = 01B0931C25B7168500083761 /* NLRoute.swift */; };
		01B0932325B7289100083761 /* NLRouteRequest.swift in Sources */ = {isa = PBXBuildFile; fileRef = 01B0932225B7289100083761 /* NLRouteRequest.swift */; };
		01B0932825B728A700083761 /* NLRouteDestination.swift in Sources */ = {isa = PBXBuildFile; fileRef = 01B0932725B728A700083761 /* NLRouteDestination.swift */; };
/* End PBXBuildFile section */

/* Begin PBXContainerItemProxy section */
		014ED71625A5BBD70009F31C /* PBXContainerItemProxy */ = {
			isa = PBXContainerItemProxy;
			containerPortal = 014ED6F725A5BBD60009F31C /* Project object */;
			proxyType = 1;
			remoteGlobalIDString = 014ED6FE25A5BBD60009F31C;
			remoteInfo = Route;
		};
		014ED72125A5BBD70009F31C /* PBXContainerItemProxy */ = {
			isa = PBXContainerItemProxy;
			containerPortal = 014ED6F725A5BBD60009F31C /* Project object */;
			proxyType = 1;
			remoteGlobalIDString = 014ED6FE25A5BBD60009F31C;
			remoteInfo = Route;
		};
/* End PBXContainerItemProxy section */

/* Begin PBXFileReference section */
		014ED6FF25A5BBD60009F31C /* Route.app */ = {isa = PBXFileReference; explicitFileType = wrapper.application; includeInIndex = 0; path = Route.app; sourceTree = BUILT_PRODUCTS_DIR; };
		014ED70225A5BBD60009F31C /* AppDelegate.swift */ = {isa = PBXFileReference; lastKnownFileType = sourcecode.swift; path = AppDelegate.swift; sourceTree = "<group>"; };
		014ED70425A5BBD60009F31C /* SceneDelegate.swift */ = {isa = PBXFileReference; lastKnownFileType = sourcecode.swift; path = SceneDelegate.swift; sourceTree = "<group>"; };
		014ED70B25A5BBD70009F31C /* Assets.xcassets */ = {isa = PBXFileReference; lastKnownFileType = folder.assetcatalog; path = Assets.xcassets; sourceTree = "<group>"; };
		014ED70E25A5BBD70009F31C /* Base */ = {isa = PBXFileReference; lastKnownFileType = file.storyboard; name = Base; path = Base.lproj/LaunchScreen.storyboard; sourceTree = "<group>"; };
		014ED71025A5BBD70009F31C /* Info.plist */ = {isa = PBXFileReference; lastKnownFileType = text.plist.xml; path = Info.plist; sourceTree = "<group>"; };
		014ED71525A5BBD70009F31C /* RouteTests.xctest */ = {isa = PBXFileReference; explicitFileType = wrapper.cfbundle; includeInIndex = 0; path = RouteTests.xctest; sourceTree = BUILT_PRODUCTS_DIR; };
		014ED71925A5BBD70009F31C /* RouteTests.swift */ = {isa = PBXFileReference; lastKnownFileType = sourcecode.swift; path = RouteTests.swift; sourceTree = "<group>"; };
		014ED71B25A5BBD70009F31C /* Info.plist */ = {isa = PBXFileReference; lastKnownFileType = text.plist.xml; path = Info.plist; sourceTree = "<group>"; };
		014ED72025A5BBD70009F31C /* RouteUITests.xctest */ = {isa = PBXFileReference; explicitFileType = wrapper.cfbundle; includeInIndex = 0; path = RouteUITests.xctest; sourceTree = BUILT_PRODUCTS_DIR; };
		014ED72425A5BBD70009F31C /* RouteUITests.swift */ = {isa = PBXFileReference; lastKnownFileType = sourcecode.swift; path = RouteUITests.swift; sourceTree = "<group>"; };
		014ED72625A5BBD70009F31C /* Info.plist */ = {isa = PBXFileReference; lastKnownFileType = text.plist.xml; path = Info.plist; sourceTree = "<group>"; };
		017434A925A5C26F0015B8BB /* UIViewExtension-Layout.swift */ = {isa = PBXFileReference; lastKnownFileType = sourcecode.swift; path = "UIViewExtension-Layout.swift"; sourceTree = "<group>"; };
		017434AF25A649810015B8BB /* UIImageExtension.swift */ = {isa = PBXFileReference; lastKnownFileType = sourcecode.swift; path = UIImageExtension.swift; sourceTree = "<group>"; };
		017434B825A649AC0015B8BB /* StackItem.swift */ = {isa = PBXFileReference; lastKnownFileType = sourcecode.swift; path = StackItem.swift; sourceTree = "<group>"; };
		017434BE25A649CD0015B8BB /* TestViewController.swift */ = {isa = PBXFileReference; lastKnownFileType = sourcecode.swift; path = TestViewController.swift; sourceTree = "<group>"; };
		017434C625A649DE0015B8BB /* TextViewController.swift */ = {isa = PBXFileReference; lastKnownFileType = sourcecode.swift; path = TextViewController.swift; sourceTree = "<group>"; };
		017434CB25A649ED0015B8BB /* MainTabBarVC.swift */ = {isa = PBXFileReference; lastKnownFileType = sourcecode.swift; path = MainTabBarVC.swift; sourceTree = "<group>"; };
		01B0931C25B7168500083761 /* NLRoute.swift */ = {isa = PBXFileReference; lastKnownFileType = sourcecode.swift; path = NLRoute.swift; sourceTree = "<group>"; };
		01B0932225B7289100083761 /* NLRouteRequest.swift */ = {isa = PBXFileReference; lastKnownFileType = sourcecode.swift; path = NLRouteRequest.swift; sourceTree = "<group>"; };
		01B0932725B728A700083761 /* NLRouteDestination.swift */ = {isa = PBXFileReference; lastKnownFileType = sourcecode.swift; path = NLRouteDestination.swift; sourceTree = "<group>"; };
/* End PBXFileReference section */

/* Begin PBXFrameworksBuildPhase section */
		014ED6FC25A5BBD60009F31C /* Frameworks */ = {
			isa = PBXFrameworksBuildPhase;
			buildActionMask = 2147483647;
			files = (
			);
			runOnlyForDeploymentPostprocessing = 0;
		};
		014ED71225A5BBD70009F31C /* Frameworks */ = {
			isa = PBXFrameworksBuildPhase;
			buildActionMask = 2147483647;
			files = (
			);
			runOnlyForDeploymentPostprocessing = 0;
		};
		014ED71D25A5BBD70009F31C /* Frameworks */ = {
			isa = PBXFrameworksBuildPhase;
			buildActionMask = 2147483647;
			files = (
			);
			runOnlyForDeploymentPostprocessing = 0;
		};
/* End PBXFrameworksBuildPhase section */

/* Begin PBXGroup section */
		014ED6F625A5BBD60009F31C = {
			isa = PBXGroup;
			children = (
				014ED70125A5BBD60009F31C /* Route */,
				014ED71825A5BBD70009F31C /* RouteTests */,
				014ED72325A5BBD70009F31C /* RouteUITests */,
				014ED70025A5BBD60009F31C /* Products */,
			);
			sourceTree = "<group>";
		};
		014ED70025A5BBD60009F31C /* Products */ = {
			isa = PBXGroup;
			children = (
				014ED6FF25A5BBD60009F31C /* Route.app */,
				014ED71525A5BBD70009F31C /* RouteTests.xctest */,
				014ED72025A5BBD70009F31C /* RouteUITests.xctest */,
			);
			name = Products;
			sourceTree = "<group>";
		};
		014ED70125A5BBD60009F31C /* Route */ = {
			isa = PBXGroup;
			children = (
				01B0932125B7288800083761 /* NLRoute */,
				017434BD25A649C70015B8BB /* viewController */,
				017434B725A649A40015B8BB /* components */,
				017434AE25A649700015B8BB /* extension */,
				014ED70225A5BBD60009F31C /* AppDelegate.swift */,
				014ED70425A5BBD60009F31C /* SceneDelegate.swift */,
				014ED70B25A5BBD70009F31C /* Assets.xcassets */,
				014ED70D25A5BBD70009F31C /* LaunchScreen.storyboard */,
				014ED71025A5BBD70009F31C /* Info.plist */,
			);
			path = Route;
			sourceTree = "<group>";
		};
		014ED71825A5BBD70009F31C /* RouteTests */ = {
			isa = PBXGroup;
			children = (
				014ED71925A5BBD70009F31C /* RouteTests.swift */,
				014ED71B25A5BBD70009F31C /* Info.plist */,
			);
			path = RouteTests;
			sourceTree = "<group>";
		};
		014ED72325A5BBD70009F31C /* RouteUITests */ = {
			isa = PBXGroup;
			children = (
				014ED72425A5BBD70009F31C /* RouteUITests.swift */,
				014ED72625A5BBD70009F31C /* Info.plist */,
			);
			path = RouteUITests;
			sourceTree = "<group>";
		};
		017434AE25A649700015B8BB /* extension */ = {
			isa = PBXGroup;
			children = (
				017434A925A5C26F0015B8BB /* UIViewExtension-Layout.swift */,
				017434AF25A649810015B8BB /* UIImageExtension.swift */,
			);
			path = extension;
			sourceTree = "<group>";
		};
		017434B725A649A40015B8BB /* components */ = {
			isa = PBXGroup;
			children = (
				017434B825A649AC0015B8BB /* StackItem.swift */,
			);
			path = components;
			sourceTree = "<group>";
		};
		017434BD25A649C70015B8BB /* viewController */ = {
			isa = PBXGroup;
			children = (
				017434BE25A649CD0015B8BB /* TestViewController.swift */,
				017434C625A649DE0015B8BB /* TextViewController.swift */,
				017434CB25A649ED0015B8BB /* MainTabBarVC.swift */,
			);
			path = viewController;
			sourceTree = "<group>";
		};
		01B0932125B7288800083761 /* NLRoute */ = {
			isa = PBXGroup;
			children = (
				01B0932225B7289100083761 /* NLRouteRequest.swift */,
				01B0931C25B7168500083761 /* NLRoute.swift */,
				01B0932725B728A700083761 /* NLRouteDestination.swift */,
			);
			path = NLRoute;
			sourceTree = "<group>";
		};
/* End PBXGroup section */

/* Begin PBXNativeTarget section */
		014ED6FE25A5BBD60009F31C /* Route */ = {
			isa = PBXNativeTarget;
			buildConfigurationList = 014ED72925A5BBD70009F31C /* Build configuration list for PBXNativeTarget "Route" */;
			buildPhases = (
				014ED6FB25A5BBD60009F31C /* Sources */,
				014ED6FC25A5BBD60009F31C /* Frameworks */,
				014ED6FD25A5BBD60009F31C /* Resources */,
			);
			buildRules = (
			);
			dependencies = (
			);
			name = Route;
			productName = Route;
			productReference = 014ED6FF25A5BBD60009F31C /* Route.app */;
			productType = "com.apple.product-type.application";
		};
		014ED71425A5BBD70009F31C /* RouteTests */ = {
			isa = PBXNativeTarget;
			buildConfigurationList = 014ED72C25A5BBD70009F31C /* Build configuration list for PBXNativeTarget "RouteTests" */;
			buildPhases = (
				014ED71125A5BBD70009F31C /* Sources */,
				014ED71225A5BBD70009F31C /* Frameworks */,
				014ED71325A5BBD70009F31C /* Resources */,
			);
			buildRules = (
			);
			dependencies = (
				014ED71725A5BBD70009F31C /* PBXTargetDependency */,
			);
			name = RouteTests;
			productName = RouteTests;
			productReference = 014ED71525A5BBD70009F31C /* RouteTests.xctest */;
			productType = "com.apple.product-type.bundle.unit-test";
		};
		014ED71F25A5BBD70009F31C /* RouteUITests */ = {
			isa = PBXNativeTarget;
			buildConfigurationList = 014ED72F25A5BBD70009F31C /* Build configuration list for PBXNativeTarget "RouteUITests" */;
			buildPhases = (
				014ED71C25A5BBD70009F31C /* Sources */,
				014ED71D25A5BBD70009F31C /* Frameworks */,
				014ED71E25A5BBD70009F31C /* Resources */,
			);
			buildRules = (
			);
			dependencies = (
				014ED72225A5BBD70009F31C /* PBXTargetDependency */,
			);
			name = RouteUITests;
			productName = RouteUITests;
			productReference = 014ED72025A5BBD70009F31C /* RouteUITests.xctest */;
			productType = "com.apple.product-type.bundle.ui-testing";
		};
/* End PBXNativeTarget section */

/* Begin PBXProject section */
		014ED6F725A5BBD60009F31C /* Project object */ = {
			isa = PBXProject;
			attributes = {
				LastSwiftUpdateCheck = 1230;
				LastUpgradeCheck = 1230;
				TargetAttributes = {
					014ED6FE25A5BBD60009F31C = {
						CreatedOnToolsVersion = 12.3;
					};
					014ED71425A5BBD70009F31C = {
						CreatedOnToolsVersion = 12.3;
						TestTargetID = 014ED6FE25A5BBD60009F31C;
					};
					014ED71F25A5BBD70009F31C = {
						CreatedOnToolsVersion = 12.3;
						TestTargetID = 014ED6FE25A5BBD60009F31C;
					};
				};
			};
			buildConfigurationList = 014ED6FA25A5BBD60009F31C /* Build configuration list for PBXProject "Route" */;
			compatibilityVersion = "Xcode 9.3";
			developmentRegion = en;
			hasScannedForEncodings = 0;
			knownRegions = (
				en,
				Base,
			);
			mainGroup = 014ED6F625A5BBD60009F31C;
			productRefGroup = 014ED70025A5BBD60009F31C /* Products */;
			projectDirPath = "";
			projectRoot = "";
			targets = (
				014ED6FE25A5BBD60009F31C /* Route */,
				014ED71425A5BBD70009F31C /* RouteTests */,
				014ED71F25A5BBD70009F31C /* RouteUITests */,
			);
		};
/* End PBXProject section */

/* Begin PBXResourcesBuildPhase section */
		014ED6FD25A5BBD60009F31C /* Resources */ = {
			isa = PBXResourcesBuildPhase;
			buildActionMask = 2147483647;
			files = (
				014ED70F25A5BBD70009F31C /* LaunchScreen.storyboard in Resources */,
				014ED70C25A5BBD70009F31C /* Assets.xcassets in Resources */,
			);
			runOnlyForDeploymentPostprocessing = 0;
		};
		014ED71325A5BBD70009F31C /* Resources */ = {
			isa = PBXResourcesBuildPhase;
			buildActionMask = 2147483647;
			files = (
			);
			runOnlyForDeploymentPostprocessing = 0;
		};
		014ED71E25A5BBD70009F31C /* Resources */ = {
			isa = PBXResourcesBuildPhase;
			buildActionMask = 2147483647;
			files = (
			);
			runOnlyForDeploymentPostprocessing = 0;
		};
/* End PBXResourcesBuildPhase section */

/* Begin PBXSourcesBuildPhase section */
		014ED6FB25A5BBD60009F31C /* Sources */ = {
			isa = PBXSourcesBuildPhase;
			buildActionMask = 2147483647;
			files = (
				017434AA25A5C26F0015B8BB /* UIViewExtension-Layout.swift in Sources */,
				01B0932325B7289100083761 /* NLRouteRequest.swift in Sources */,
				014ED70325A5BBD60009F31C /* AppDelegate.swift in Sources */,
				017434B925A649AC0015B8BB /* StackItem.swift in Sources */,
				014ED70525A5BBD60009F31C /* SceneDelegate.swift in Sources */,
				017434BF25A649CD0015B8BB /* TestViewController.swift in Sources */,
				017434C725A649DE0015B8BB /* TextViewController.swift in Sources */,
				017434B025A649810015B8BB /* UIImageExtension.swift in Sources */,
				01B0932825B728A700083761 /* NLRouteDestination.swift in Sources */,
				01B0931D25B7168500083761 /* NLRoute.swift in Sources */,
				017434CC25A649ED0015B8BB /* MainTabBarVC.swift in Sources */,
			);
			runOnlyForDeploymentPostprocessing = 0;
		};
		014ED71125A5BBD70009F31C /* Sources */ = {
			isa = PBXSourcesBuildPhase;
			buildActionMask = 2147483647;
			files = (
				014ED71A25A5BBD70009F31C /* RouteTests.swift in Sources */,
			);
			runOnlyForDeploymentPostprocessing = 0;
		};
		014ED71C25A5BBD70009F31C /* Sources */ = {
			isa = PBXSourcesBuildPhase;
			buildActionMask = 2147483647;
			files = (
				014ED72525A5BBD70009F31C /* RouteUITests.swift in Sources */,
			);
			runOnlyForDeploymentPostprocessing = 0;
		};
/* End PBXSourcesBuildPhase section */

/* Begin PBXTargetDependency section */
		014ED71725A5BBD70009F31C /* PBXTargetDependency */ = {
			isa = PBXTargetDependency;
			target = 014ED6FE25A5BBD60009F31C /* Route */;
			targetProxy = 014ED71625A5BBD70009F31C /* PBXContainerItemProxy */;
		};
		014ED72225A5BBD70009F31C /* PBXTargetDependency */ = {
			isa = PBXTargetDependency;
			target = 014ED6FE25A5BBD60009F31C /* Route */;
			targetProxy = 014ED72125A5BBD70009F31C /* PBXContainerItemProxy */;
		};
/* End PBXTargetDependency section */

/* Begin PBXVariantGroup section */
		014ED70D25A5BBD70009F31C /* LaunchScreen.storyboard */ = {
			isa = PBXVariantGroup;
			children = (
				014ED70E25A5BBD70009F31C /* Base */,
			);
			name = LaunchScreen.storyboard;
			sourceTree = "<group>";
		};
/* End PBXVariantGroup section */

/* Begin XCBuildConfiguration section */
		014ED72725A5BBD70009F31C /* Debug */ = {
			isa = XCBuildConfiguration;
			buildSettings = {
				ALWAYS_SEARCH_USER_PATHS = NO;
				CLANG_ANALYZER_NONNULL = YES;
				CLANG_ANALYZER_NUMBER_OBJECT_CONVERSION = YES_AGGRESSIVE;
				CLANG_CXX_LANGUAGE_STANDARD = "gnu++14";
				CLANG_CXX_LIBRARY = "libc++";
				CLANG_ENABLE_MODULES = YES;
				CLANG_ENABLE_OBJC_ARC = YES;
				CLANG_ENABLE_OBJC_WEAK = YES;
				CLANG_WARN_BLOCK_CAPTURE_AUTORELEASING = YES;
				CLANG_WARN_BOOL_CONVERSION = YES;
				CLANG_WARN_COMMA = YES;
				CLANG_WARN_CONSTANT_CONVERSION = YES;
				CLANG_WARN_DEPRECATED_OBJC_IMPLEMENTATIONS = YES;
				CLANG_WARN_DIRECT_OBJC_ISA_USAGE = YES_ERROR;
				CLANG_WARN_DOCUMENTATION_COMMENTS = YES;
				CLANG_WARN_EMPTY_BODY = YES;
				CLANG_WARN_ENUM_CONVERSION = YES;
				CLANG_WARN_INFINITE_RECURSION = YES;
				CLANG_WARN_INT_CONVERSION = YES;
				CLANG_WARN_NON_LITERAL_NULL_CONVERSION = YES;
				CLANG_WARN_OBJC_IMPLICIT_RETAIN_SELF = YES;
				CLANG_WARN_OBJC_LITERAL_CONVERSION = YES;
				CLANG_WARN_OBJC_ROOT_CLASS = YES_ERROR;
				CLANG_WARN_QUOTED_INCLUDE_IN_FRAMEWORK_HEADER = YES;
				CLANG_WARN_RANGE_LOOP_ANALYSIS = YES;
				CLANG_WARN_STRICT_PROTOTYPES = YES;
				CLANG_WARN_SUSPICIOUS_MOVE = YES;
				CLANG_WARN_UNGUARDED_AVAILABILITY = YES_AGGRESSIVE;
				CLANG_WARN_UNREACHABLE_CODE = YES;
				CLANG_WARN__DUPLICATE_METHOD_MATCH = YES;
				COPY_PHASE_STRIP = NO;
				DEBUG_INFORMATION_FORMAT = dwarf;
				ENABLE_STRICT_OBJC_MSGSEND = YES;
				ENABLE_TESTABILITY = YES;
				GCC_C_LANGUAGE_STANDARD = gnu11;
				GCC_DYNAMIC_NO_PIC = NO;
				GCC_NO_COMMON_BLOCKS = YES;
				GCC_OPTIMIZATION_LEVEL = 0;
				GCC_PREPROCESSOR_DEFINITIONS = (
					"DEBUG=1",
					"$(inherited)",
				);
				GCC_WARN_64_TO_32_BIT_CONVERSION = YES;
				GCC_WARN_ABOUT_RETURN_TYPE = YES_ERROR;
				GCC_WARN_UNDECLARED_SELECTOR = YES;
				GCC_WARN_UNINITIALIZED_AUTOS = YES_AGGRESSIVE;
				GCC_WARN_UNUSED_FUNCTION = YES;
				GCC_WARN_UNUSED_VARIABLE = YES;
				IPHONEOS_DEPLOYMENT_TARGET = 14.3;
				MTL_ENABLE_DEBUG_INFO = INCLUDE_SOURCE;
				MTL_FAST_MATH = YES;
				ONLY_ACTIVE_ARCH = YES;
				SDKROOT = iphoneos;
				SWIFT_ACTIVE_COMPILATION_CONDITIONS = DEBUG;
				SWIFT_OPTIMIZATION_LEVEL = "-Onone";
			};
			name = Debug;
		};
		014ED72825A5BBD70009F31C /* Release */ = {
			isa = XCBuildConfiguration;
			buildSettings = {
				ALWAYS_SEARCH_USER_PATHS = NO;
				CLANG_ANALYZER_NONNULL = YES;
				CLANG_ANALYZER_NUMBER_OBJECT_CONVERSION = YES_AGGRESSIVE;
				CLANG_CXX_LANGUAGE_STANDARD = "gnu++14";
				CLANG_CXX_LIBRARY = "libc++";
				CLANG_ENABLE_MODULES = YES;
				CLANG_ENABLE_OBJC_ARC = YES;
				CLANG_ENABLE_OBJC_WEAK = YES;
				CLANG_WARN_BLOCK_CAPTURE_AUTORELEASING = YES;
				CLANG_WARN_BOOL_CONVERSION = YES;
				CLANG_WARN_COMMA = YES;
				CLANG_WARN_CONSTANT_CONVERSION = YES;
				CLANG_WARN_DEPRECATED_OBJC_IMPLEMENTATIONS = YES;
				CLANG_WARN_DIRECT_OBJC_ISA_USAGE = YES_ERROR;
				CLANG_WARN_DOCUMENTATION_COMMENTS = YES;
				CLANG_WARN_EMPTY_BODY = YES;
				CLANG_WARN_ENUM_CONVERSION = YES;
				CLANG_WARN_INFINITE_RECURSION = YES;
				CLANG_WARN_INT_CONVERSION = YES;
				CLANG_WARN_NON_LITERAL_NULL_CONVERSION = YES;
				CLANG_WARN_OBJC_IMPLICIT_RETAIN_SELF = YES;
				CLANG_WARN_OBJC_LITERAL_CONVERSION = YES;
				CLANG_WARN_OBJC_ROOT_CLASS = YES_ERROR;
				CLANG_WARN_QUOTED_INCLUDE_IN_FRAMEWORK_HEADER = YES;
				CLANG_WARN_RANGE_LOOP_ANALYSIS = YES;
				CLANG_WARN_STRICT_PROTOTYPES = YES;
				CLANG_WARN_SUSPICIOUS_MOVE = YES;
				CLANG_WARN_UNGUARDED_AVAILABILITY = YES_AGGRESSIVE;
				CLANG_WARN_UNREACHABLE_CODE = YES;
				CLANG_WARN__DUPLICATE_METHOD_MATCH = YES;
				COPY_PHASE_STRIP = NO;
				DEBUG_INFORMATION_FORMAT = "dwarf-with-dsym";
				ENABLE_NS_ASSERTIONS = NO;
				ENABLE_STRICT_OBJC_MSGSEND = YES;
				GCC_C_LANGUAGE_STANDARD = gnu11;
				GCC_NO_COMMON_BLOCKS = YES;
				GCC_WARN_64_TO_32_BIT_CONVERSION = YES;
				GCC_WARN_ABOUT_RETURN_TYPE = YES_ERROR;
				GCC_WARN_UNDECLARED_SELECTOR = YES;
				GCC_WARN_UNINITIALIZED_AUTOS = YES_AGGRESSIVE;
				GCC_WARN_UNUSED_FUNCTION = YES;
				GCC_WARN_UNUSED_VARIABLE = YES;
				IPHONEOS_DEPLOYMENT_TARGET = 14.3;
				MTL_ENABLE_DEBUG_INFO = NO;
				MTL_FAST_MATH = YES;
				SDKROOT = iphoneos;
				SWIFT_COMPILATION_MODE = wholemodule;
				SWIFT_OPTIMIZATION_LEVEL = "-O";
				VALIDATE_PRODUCT = YES;
			};
			name = Release;
		};
		014ED72A25A5BBD70009F31C /* Debug */ = {
			isa = XCBuildConfiguration;
			buildSettings = {
				ASSETCATALOG_COMPILER_APPICON_NAME = AppIcon;
				ASSETCATALOG_COMPILER_GLOBAL_ACCENT_COLOR_NAME = AccentColor;
				CODE_SIGN_STYLE = Automatic;
				INFOPLIST_FILE = Route/Info.plist;
				LD_RUNPATH_SEARCH_PATHS = (
					"$(inherited)",
					"@executable_path/Frameworks",
				);
				PRODUCT_BUNDLE_IDENTIFIER = test.test.Route;
				PRODUCT_NAME = "$(TARGET_NAME)";
				SWIFT_VERSION = 5.0;
				TARGETED_DEVICE_FAMILY = 1;
			};
			name = Debug;
		};
		014ED72B25A5BBD70009F31C /* Release */ = {
			isa = XCBuildConfiguration;
			buildSettings = {
				ASSETCATALOG_COMPILER_APPICON_NAME = AppIcon;
				ASSETCATALOG_COMPILER_GLOBAL_ACCENT_COLOR_NAME = AccentColor;
				CODE_SIGN_STYLE = Automatic;
				INFOPLIST_FILE = Route/Info.plist;
				LD_RUNPATH_SEARCH_PATHS = (
					"$(inherited)",
					"@executable_path/Frameworks",
				);
				PRODUCT_BUNDLE_IDENTIFIER = test.test.Route;
				PRODUCT_NAME = "$(TARGET_NAME)";
				SWIFT_VERSION = 5.0;
				TARGETED_DEVICE_FAMILY = 1;
			};
			name = Release;
		};
		014ED72D25A5BBD70009F31C /* Debug */ = {
			isa = XCBuildConfiguration;
			buildSettings = {
				ALWAYS_EMBED_SWIFT_STANDARD_LIBRARIES = YES;
				BUNDLE_LOADER = "$(TEST_HOST)";
				CODE_SIGN_STYLE = Automatic;
				INFOPLIST_FILE = RouteTests/Info.plist;
				IPHONEOS_DEPLOYMENT_TARGET = 14.3;
				LD_RUNPATH_SEARCH_PATHS = (
					"$(inherited)",
					"@executable_path/Frameworks",
					"@loader_path/Frameworks",
				);
				PRODUCT_BUNDLE_IDENTIFIER = test.test.RouteTests;
				PRODUCT_NAME = "$(TARGET_NAME)";
				SWIFT_VERSION = 5.0;
				TARGETED_DEVICE_FAMILY = "1,2";
				TEST_HOST = "$(BUILT_PRODUCTS_DIR)/Route.app/Route";
			};
			name = Debug;
		};
		014ED72E25A5BBD70009F31C /* Release */ = {
			isa = XCBuildConfiguration;
			buildSettings = {
				ALWAYS_EMBED_SWIFT_STANDARD_LIBRARIES = YES;
				BUNDLE_LOADER = "$(TEST_HOST)";
				CODE_SIGN_STYLE = Automatic;
				INFOPLIST_FILE = RouteTests/Info.plist;
				IPHONEOS_DEPLOYMENT_TARGET = 14.3;
				LD_RUNPATH_SEARCH_PATHS = (
					"$(inherited)",
					"@executable_path/Frameworks",
					"@loader_path/Frameworks",
				);
				PRODUCT_BUNDLE_IDENTIFIER = test.test.RouteTests;
				PRODUCT_NAME = "$(TARGET_NAME)";
				SWIFT_VERSION = 5.0;
				TARGETED_DEVICE_FAMILY = "1,2";
				TEST_HOST = "$(BUILT_PRODUCTS_DIR)/Route.app/Route";
			};
			name = Release;
		};
		014ED73025A5BBD70009F31C /* Debug */ = {
			isa = XCBuildConfiguration;
			buildSettings = {
				ALWAYS_EMBED_SWIFT_STANDARD_LIBRARIES = YES;
				CODE_SIGN_STYLE = Automatic;
				INFOPLIST_FILE = RouteUITests/Info.plist;
				LD_RUNPATH_SEARCH_PATHS = (
					"$(inherited)",
					"@executable_path/Frameworks",
					"@loader_path/Frameworks",
				);
				PRODUCT_BUNDLE_IDENTIFIER = test.test.RouteUITests;
				PRODUCT_NAME = "$(TARGET_NAME)";
				SWIFT_VERSION = 5.0;
				TARGETED_DEVICE_FAMILY = "1,2";
				TEST_TARGET_NAME = Route;
			};
			name = Debug;
		};
		014ED73125A5BBD70009F31C /* Release */ = {
			isa = XCBuildConfiguration;
			buildSettings = {
				ALWAYS_EMBED_SWIFT_STANDARD_LIBRARIES = YES;
				CODE_SIGN_STYLE = Automatic;
				INFOPLIST_FILE = RouteUITests/Info.plist;
				LD_RUNPATH_SEARCH_PATHS = (
					"$(inherited)",
					"@executable_path/Frameworks",
					"@loader_path/Frameworks",
				);
				PRODUCT_BUNDLE_IDENTIFIER = test.test.RouteUITests;
				PRODUCT_NAME = "$(TARGET_NAME)";
				SWIFT_VERSION = 5.0;
				TARGETED_DEVICE_FAMILY = "1,2";
				TEST_TARGET_NAME = Route;
			};
			name = Release;
		};
/* End XCBuildConfiguration section */

/* Begin XCConfigurationList section */
		014ED6FA25A5BBD60009F31C /* Build configuration list for PBXProject "Route" */ = {
			isa = XCConfigurationList;
			buildConfigurations = (
				014ED72725A5BBD70009F31C /* Debug */,
				014ED72825A5BBD70009F31C /* Release */,
			);
			defaultConfigurationIsVisible = 0;
			defaultConfigurationName = Release;
		};
		014ED72925A5BBD70009F31C /* Build configuration list for PBXNativeTarget "Route" */ = {
			isa = XCConfigurationList;
			buildConfigurations = (
				014ED72A25A5BBD70009F31C /* Debug */,
				014ED72B25A5BBD70009F31C /* Release */,
			);
			defaultConfigurationIsVisible = 0;
			defaultConfigurationName = Release;
		};
		014ED72C25A5BBD70009F31C /* Build configuration list for PBXNativeTarget "RouteTests" */ = {
			isa = XCConfigurationList;
			buildConfigurations = (
				014ED72D25A5BBD70009F31C /* Debug */,
				014ED72E25A5BBD70009F31C /* Release */,
			);
			defaultConfigurationIsVisible = 0;
			defaultConfigurationName = Release;
		};
		014ED72F25A5BBD70009F31C /* Build configuration list for PBXNativeTarget "RouteUITests" */ = {
			isa = XCConfigurationList;
			buildConfigurations = (
				014ED73025A5BBD70009F31C /* Debug */,
				014ED73125A5BBD70009F31C /* Release */,
			);
			defaultConfigurationIsVisible = 0;
			defaultConfigurationName = Release;
		};
/* End XCConfigurationList section */
	};
	rootObject = 014ED6F725A5BBD60009F31C /* Project object */;
}
